
Microsoft Visual Studio Solution File, Format Version 12.00
# Visual Studio 2012
Project("{FAE04EC0-301F-11D3-BF4B-00C04F79EFBC}") = "Fligern.UsefulReminder.WpfGUI", "Fligern.UsefulReminder\Fligern.UsefulReminder.WpfGUI.csproj", "{4DF66B14-68E4-417C-863F-991DE762089D}"
EndProject
Project("{FAE04EC0-301F-11D3-BF4B-00C04F79EFBC}") = "Fligern.UsefulReminder.Base", "Fligern.UsefulReminder.Base\Fligern.UsefulReminder.Base.csproj", "{FD3AFAD0-B8EF-4C7C-A328-02CC5F7E2B9A}"
EndProject
Project("{FAE04EC0-301F-11D3-BF4B-00C04F79EFBC}") = "Fligern.WebFetcher", "Fligern.WebFetcher\Fligern.WebFetcher.csproj", "{B493282A-2890-4D84-9CD7-BFB1187750D9}"
EndProject
Global
	GlobalSection(SolutionConfigurationPlatforms) = preSolution
		Debug|Any CPU = Debug|Any CPU
		Release|Any CPU = Release|Any CPU
	EndGlobalSection
	GlobalSection(ProjectConfigurationPlatforms) = postSolution
		{4DF66B14-68E4-417C-863F-991DE762089D}.Debug|Any CPU.ActiveCfg = Debug|Any CPU
		{4DF66B14-68E4-417C-863F-991DE762089D}.Debug|Any CPU.Build.0 = Debug|Any CPU
		{4DF66B14-68E4-417C-863F-991DE762089D}.Release|Any CPU.ActiveCfg = Release|Any CPU
		{4DF66B14-68E4-417C-863F-991DE762089D}.Release|Any CPU.Build.0 = Release|Any CPU
		{FD3AFAD0-B8EF-4C7C-A328-02CC5F7E2B9A}.Debug|Any CPU.ActiveCfg = Debug|Any CPU
		{FD3AFAD0-B8EF-4C7C-A328-02CC5F7E2B9A}.Debug|Any CPU.Build.0 = Debug|Any CPU
		{FD3AFAD0-B8EF-4C7C-A328-02CC5F7E2B9A}.Release|Any CPU.ActiveCfg = Release|Any CPU
		{FD3AFAD0-B8EF-4C7C-A328-02CC5F7E2B9A}.Release|Any CPU.Build.0 = Release|Any CPU
		{B493282A-2890-4D84-9CD7-BFB1187750D9}.Debug|Any CPU.ActiveCfg = Debug|Any CPU
		{B493282A-2890-4D84-9CD7-BFB1187750D9}.Debug|Any CPU.Build.0 = Debug|Any CPU
		{B493282A-2890-4D84-9CD7-BFB1187750D9}.Release|Any CPU.ActiveCfg = Release|Any CPU
		{B493282A-2890-4D84-9CD7-BFB1187750D9}.Release|Any CPU.Build.0 = Release|Any CPU
	EndGlobalSection
	GlobalSection(SolutionProperties) = preSolution
		HideSolutionNode = FALSE
	EndGlobalSection
EndGlobal
